
Microsoft Visual Studio Solution File, Format Version 12.00
# Visual Studio Version 17
VisualStudioVersion = 17.13.35617.110 d17.13
MinimumVisualStudioVersion = 10.0.40219.1
Project("{FAE04EC0-301F-11D3-BF4B-00C04F79EFBC}") = "Assignment_3", "Assignment_3\Assignment_3.csproj", "{208F1B36-1B5E-4836-AAAE-8588DC8FF6B3}"
EndProject
Project("{FAE04EC0-301F-11D3-BF4B-00C04F79EFBC}") = "Delegates_func", "..\Delegates_func\Delegates_func.csproj", "{9926CBE0-E4D5-47C1-B7CC-B2C3864C2025}"
EndProject
Global
	GlobalSection(SolutionConfigurationPlatforms) = preSolution
		Debug|Any CPU = Debug|Any CPU
		Release|Any CPU = Release|Any CPU
	EndGlobalSection
	GlobalSection(ProjectConfigurationPlatforms) = postSolution
		{208F1B36-1B5E-4836-AAAE-8588DC8FF6B3}.Debug|Any CPU.ActiveCfg = Debug|Any CPU
		{208F1B36-1B5E-4836-AAAE-8588DC8FF6B3}.Debug|Any CPU.Build.0 = Debug|Any CPU
		{208F1B36-1B5E-4836-AAAE-8588DC8FF6B3}.Release|Any CPU.ActiveCfg = Release|Any CPU
		{208F1B36-1B5E-4836-AAAE-8588DC8FF6B3}.Release|Any CPU.Build.0 = Release|Any CPU
		{9926CBE0-E4D5-47C1-B7CC-B2C3864C2025}.Debug|Any CPU.ActiveCfg = Debug|Any CPU
		{9926CBE0-E4D5-47C1-B7CC-B2C3864C2025}.Debug|Any CPU.Build.0 = Debug|Any CPU
		{9926CBE0-E4D5-47C1-B7CC-B2C3864C2025}.Release|Any CPU.ActiveCfg = Release|Any CPU
		{9926CBE0-E4D5-47C1-B7CC-B2C3864C2025}.Release|Any CPU.Build.0 = Release|Any CPU
	EndGlobalSection
	GlobalSection(SolutionProperties) = preSolution
		HideSolutionNode = FALSE
	EndGlobalSection
	GlobalSection(ExtensibilityGlobals) = postSolution
		SolutionGuid = {6DDD65C4-3A8A-4B4B-B197-76B395F61811}
	EndGlobalSection
EndGlobal
